
Microsoft Visual Studio Solution File, Format Version 12.00
# Visual Studio 15
VisualStudioVersion = 15.0.28307.168
MinimumVisualStudioVersion = 10.0.40219.1
Project("{FAE04EC0-301F-11D3-BF4B-00C04F79EFBC}") = "lab 14", "lab 14\lab 14.csproj", "{9A4ECD89-D37C-4166-BF7A-D3889FFC1DAF}"
EndProject
Global
	GlobalSection(SolutionConfigurationPlatforms) = preSolution
		Debug|Any CPU = Debug|Any CPU
		Release|Any CPU = Release|Any CPU
	EndGlobalSection
	GlobalSection(ProjectConfigurationPlatforms) = postSolution
		{9A4ECD89-D37C-4166-BF7A-D3889FFC1DAF}.Debug|Any CPU.ActiveCfg = Debug|Any CPU
		{9A4ECD89-D37C-4166-BF7A-D3889FFC1DAF}.Debug|Any CPU.Build.0 = Debug|Any CPU
		{9A4ECD89-D37C-4166-BF7A-D3889FFC1DAF}.Release|Any CPU.ActiveCfg = Release|Any CPU
		{9A4ECD89-D37C-4166-BF7A-D3889FFC1DAF}.Release|Any CPU.Build.0 = Release|Any CPU
	EndGlobalSection
	GlobalSection(SolutionProperties) = preSolution
		HideSolutionNode = FALSE
	EndGlobalSection
	GlobalSection(ExtensibilityGlobals) = postSolution
		SolutionGuid = {17C39113-E2D1-4806-B3B4-7B4F967A17D8}
	EndGlobalSection
EndGlobal
